
Microsoft Visual Studio Solution File, Format Version 12.00
# Visual Studio Version 17
VisualStudioVersion = 17.4.33205.214
MinimumVisualStudioVersion = 10.0.40219.1
Project("{FAE04EC0-301F-11D3-BF4B-00C04F79EFBC}") = "HurtonToSubiektDesktop", "HurtonToSubiektDesktop.csproj", "{9D0DB8D3-1139-4C45-9C7D-6811448579AB}"
EndProject
Global
	GlobalSection(SolutionConfigurationPlatforms) = preSolution
		Debug|Any CPU = Debug|Any CPU
		Release|Any CPU = Release|Any CPU
	EndGlobalSection
	GlobalSection(ProjectConfigurationPlatforms) = postSolution
		{9D0DB8D3-1139-4C45-9C7D-6811448579AB}.Debug|Any CPU.ActiveCfg = Debug|Any CPU
		{9D0DB8D3-1139-4C45-9C7D-6811448579AB}.Debug|Any CPU.Build.0 = Debug|Any CPU
		{9D0DB8D3-1139-4C45-9C7D-6811448579AB}.Release|Any CPU.ActiveCfg = Release|Any CPU
		{9D0DB8D3-1139-4C45-9C7D-6811448579AB}.Release|Any CPU.Build.0 = Release|Any CPU
	EndGlobalSection
	GlobalSection(SolutionProperties) = preSolution
		HideSolutionNode = FALSE
	EndGlobalSection
	GlobalSection(ExtensibilityGlobals) = postSolution
		SolutionGuid = {44526892-8EDF-4678-8C52-F9F8DDA2E620}
	EndGlobalSection
EndGlobal
